
Microsoft Visual Studio Solution File, Format Version 12.00
# Visual Studio Version 17
VisualStudioVersion = 17.0.31912.275
MinimumVisualStudioVersion = 10.0.40219.1
Project("{9A19103F-16F7-4668-BE54-9A1E7A4F7556}") = "AwardZ.Server", "AwardZ\Server\AwardZ.Server.csproj", "{32F26579-B297-4DD0-A693-73C3F87AE914}"
EndProject
Project("{9A19103F-16F7-4668-BE54-9A1E7A4F7556}") = "AwardZ.Client", "AwardZ\Client\AwardZ.Client.csproj", "{4E823A73-57AA-4CD1-B9C2-9826E1F92BC4}"
EndProject
Project("{9A19103F-16F7-4668-BE54-9A1E7A4F7556}") = "AwardZ.Shared", "AwardZ\Shared\AwardZ.Shared.csproj", "{4CDE4845-0DD4-46A9-A772-A1F2D0114271}"
EndProject
Global
	GlobalSection(SolutionConfigurationPlatforms) = preSolution
		Debug|Any CPU = Debug|Any CPU
		Release|Any CPU = Release|Any CPU
	EndGlobalSection
	GlobalSection(ProjectConfigurationPlatforms) = postSolution
		{32F26579-B297-4DD0-A693-73C3F87AE914}.Debug|Any CPU.ActiveCfg = Debug|Any CPU
		{32F26579-B297-4DD0-A693-73C3F87AE914}.Debug|Any CPU.Build.0 = Debug|Any CPU
		{32F26579-B297-4DD0-A693-73C3F87AE914}.Release|Any CPU.ActiveCfg = Release|Any CPU
		{32F26579-B297-4DD0-A693-73C3F87AE914}.Release|Any CPU.Build.0 = Release|Any CPU
		{4E823A73-57AA-4CD1-B9C2-9826E1F92BC4}.Debug|Any CPU.ActiveCfg = Debug|Any CPU
		{4E823A73-57AA-4CD1-B9C2-9826E1F92BC4}.Debug|Any CPU.Build.0 = Debug|Any CPU
		{4E823A73-57AA-4CD1-B9C2-9826E1F92BC4}.Release|Any CPU.ActiveCfg = Release|Any CPU
		{4E823A73-57AA-4CD1-B9C2-9826E1F92BC4}.Release|Any CPU.Build.0 = Release|Any CPU
		{4CDE4845-0DD4-46A9-A772-A1F2D0114271}.Debug|Any CPU.ActiveCfg = Debug|Any CPU
		{4CDE4845-0DD4-46A9-A772-A1F2D0114271}.Debug|Any CPU.Build.0 = Debug|Any CPU
		{4CDE4845-0DD4-46A9-A772-A1F2D0114271}.Release|Any CPU.ActiveCfg = Release|Any CPU
		{4CDE4845-0DD4-46A9-A772-A1F2D0114271}.Release|Any CPU.Build.0 = Release|Any CPU
	EndGlobalSection
	GlobalSection(SolutionProperties) = preSolution
		HideSolutionNode = FALSE
	EndGlobalSection
	GlobalSection(ExtensibilityGlobals) = postSolution
		SolutionGuid = {9BE257ED-EA74-4DD1-B827-ABC588780891}
	EndGlobalSection
EndGlobal
